
Microsoft Visual Studio Solution File, Format Version 12.00
# Visual Studio Version 16
VisualStudioVersion = 16.0.31624.102
MinimumVisualStudioVersion = 10.0.40219.1
Project("{FAE04EC0-301F-11D3-BF4B-00C04F79EFBC}") = "FacturacionApi", "FacturacionApi.csproj", "{466911F2-F2B8-40C0-BBE0-07590054E85C}"
	ProjectSection(ProjectDependencies) = postProject
		{98F37976-8D83-4AD8-83D2-1EB751261906} = {98F37976-8D83-4AD8-83D2-1EB751261906}
	EndProjectSection
EndProject
Project("{FAE04EC0-301F-11D3-BF4B-00C04F79EFBC}") = "Estructuras", "Estructuras\Estructuras.csproj", "{029D75A5-1E98-420C-AC3F-24DCF249E138}"
EndProject
Project("{FAE04EC0-301F-11D3-BF4B-00C04F79EFBC}") = "Firmado", "Firmado\Firmado.csproj", "{AD72DD9F-782B-4D89-854A-A34EB4100EA8}"
EndProject
Project("{FAE04EC0-301F-11D3-BF4B-00C04F79EFBC}") = "Comun", "Comun\Comun.csproj", "{74CA5EA0-C489-40C9-9D1E-EC481D8DEFF5}"
EndProject
Project("{FAE04EC0-301F-11D3-BF4B-00C04F79EFBC}") = "Dto", "Dto\Dto.csproj", "{60D67E87-490F-4532-95FD-01013A856895}"
EndProject
Project("{FAE04EC0-301F-11D3-BF4B-00C04F79EFBC}") = "XML", "XML\XML.csproj", "{AF16ABA0-F2F1-430B-91F2-2B7601FE5D4E}"
EndProject
Project("{FAE04EC0-301F-11D3-BF4B-00C04F79EFBC}") = "Servicio", "Servicio\Servicio.csproj", "{3486461C-7464-47F3-BD48-DFCB23D46678}"
EndProject
Project("{FAE04EC0-301F-11D3-BF4B-00C04F79EFBC}") = "SOAP", "SOAP\SOAP.csproj", "{D56F4644-2261-477A-B14C-C9862ACDA37D}"
EndProject
Project("{FAE04EC0-301F-11D3-BF4B-00C04F79EFBC}") = "ServiceReference", "ServiceReference\ServiceReference.csproj", "{0D4782DE-9BA7-4081-8D5B-6BC74F62F68D}"
EndProject
Project("{FAE04EC0-301F-11D3-BF4B-00C04F79EFBC}") = "BusinessEntity", "BusinessEntity\BusinessEntity.csproj", "{40F84E5F-AF41-4E6E-803E-039A2ED00AAF}"
EndProject
Project("{FAE04EC0-301F-11D3-BF4B-00C04F79EFBC}") = "BusinessLogic", "BusinessLogic\BusinessLogic.csproj", "{98F37976-8D83-4AD8-83D2-1EB751261906}"
	ProjectSection(ProjectDependencies) = postProject
		{8E846FA6-9C00-46DD-8E7A-9A163D751DD6} = {8E846FA6-9C00-46DD-8E7A-9A163D751DD6}
	EndProjectSection
EndProject
Project("{FAE04EC0-301F-11D3-BF4B-00C04F79EFBC}") = "InterfaceData", "InterfaceData\InterfaceData.csproj", "{D3EC6674-5450-49ED-AE61-855FD0804B81}"
EndProject
Project("{FAE04EC0-301F-11D3-BF4B-00C04F79EFBC}") = "DataAccess", "DataAccess\DataAccess.csproj", "{8E846FA6-9C00-46DD-8E7A-9A163D751DD6}"
EndProject
Global
	GlobalSection(SolutionConfigurationPlatforms) = preSolution
		Debug|Any CPU = Debug|Any CPU
		Release|Any CPU = Release|Any CPU
	EndGlobalSection
	GlobalSection(ProjectConfigurationPlatforms) = postSolution
		{466911F2-F2B8-40C0-BBE0-07590054E85C}.Debug|Any CPU.ActiveCfg = Debug|Any CPU
		{466911F2-F2B8-40C0-BBE0-07590054E85C}.Debug|Any CPU.Build.0 = Debug|Any CPU
		{466911F2-F2B8-40C0-BBE0-07590054E85C}.Release|Any CPU.ActiveCfg = Release|Any CPU
		{466911F2-F2B8-40C0-BBE0-07590054E85C}.Release|Any CPU.Build.0 = Release|Any CPU
		{029D75A5-1E98-420C-AC3F-24DCF249E138}.Debug|Any CPU.ActiveCfg = Debug|Any CPU
		{029D75A5-1E98-420C-AC3F-24DCF249E138}.Debug|Any CPU.Build.0 = Debug|Any CPU
		{029D75A5-1E98-420C-AC3F-24DCF249E138}.Release|Any CPU.ActiveCfg = Release|Any CPU
		{029D75A5-1E98-420C-AC3F-24DCF249E138}.Release|Any CPU.Build.0 = Release|Any CPU
		{AD72DD9F-782B-4D89-854A-A34EB4100EA8}.Debug|Any CPU.ActiveCfg = Debug|Any CPU
		{AD72DD9F-782B-4D89-854A-A34EB4100EA8}.Debug|Any CPU.Build.0 = Debug|Any CPU
		{AD72DD9F-782B-4D89-854A-A34EB4100EA8}.Release|Any CPU.ActiveCfg = Release|Any CPU
		{AD72DD9F-782B-4D89-854A-A34EB4100EA8}.Release|Any CPU.Build.0 = Release|Any CPU
		{74CA5EA0-C489-40C9-9D1E-EC481D8DEFF5}.Debug|Any CPU.ActiveCfg = Debug|Any CPU
		{74CA5EA0-C489-40C9-9D1E-EC481D8DEFF5}.Debug|Any CPU.Build.0 = Debug|Any CPU
		{74CA5EA0-C489-40C9-9D1E-EC481D8DEFF5}.Release|Any CPU.ActiveCfg = Release|Any CPU
		{74CA5EA0-C489-40C9-9D1E-EC481D8DEFF5}.Release|Any CPU.Build.0 = Release|Any CPU
		{60D67E87-490F-4532-95FD-01013A856895}.Debug|Any CPU.ActiveCfg = Debug|Any CPU
		{60D67E87-490F-4532-95FD-01013A856895}.Debug|Any CPU.Build.0 = Debug|Any CPU
		{60D67E87-490F-4532-95FD-01013A856895}.Release|Any CPU.ActiveCfg = Release|Any CPU
		{60D67E87-490F-4532-95FD-01013A856895}.Release|Any CPU.Build.0 = Release|Any CPU
		{AF16ABA0-F2F1-430B-91F2-2B7601FE5D4E}.Debug|Any CPU.ActiveCfg = Debug|Any CPU
		{AF16ABA0-F2F1-430B-91F2-2B7601FE5D4E}.Debug|Any CPU.Build.0 = Debug|Any CPU
		{AF16ABA0-F2F1-430B-91F2-2B7601FE5D4E}.Release|Any CPU.ActiveCfg = Release|Any CPU
		{AF16ABA0-F2F1-430B-91F2-2B7601FE5D4E}.Release|Any CPU.Build.0 = Release|Any CPU
		{3486461C-7464-47F3-BD48-DFCB23D46678}.Debug|Any CPU.ActiveCfg = Debug|Any CPU
		{3486461C-7464-47F3-BD48-DFCB23D46678}.Debug|Any CPU.Build.0 = Debug|Any CPU
		{3486461C-7464-47F3-BD48-DFCB23D46678}.Release|Any CPU.ActiveCfg = Release|Any CPU
		{3486461C-7464-47F3-BD48-DFCB23D46678}.Release|Any CPU.Build.0 = Release|Any CPU
		{D56F4644-2261-477A-B14C-C9862ACDA37D}.Debug|Any CPU.ActiveCfg = Debug|Any CPU
		{D56F4644-2261-477A-B14C-C9862ACDA37D}.Debug|Any CPU.Build.0 = Debug|Any CPU
		{D56F4644-2261-477A-B14C-C9862ACDA37D}.Release|Any CPU.ActiveCfg = Release|Any CPU
		{D56F4644-2261-477A-B14C-C9862ACDA37D}.Release|Any CPU.Build.0 = Release|Any CPU
		{0D4782DE-9BA7-4081-8D5B-6BC74F62F68D}.Debug|Any CPU.ActiveCfg = Debug|Any CPU
		{0D4782DE-9BA7-4081-8D5B-6BC74F62F68D}.Debug|Any CPU.Build.0 = Debug|Any CPU
		{0D4782DE-9BA7-4081-8D5B-6BC74F62F68D}.Release|Any CPU.ActiveCfg = Release|Any CPU
		{0D4782DE-9BA7-4081-8D5B-6BC74F62F68D}.Release|Any CPU.Build.0 = Release|Any CPU
		{40F84E5F-AF41-4E6E-803E-039A2ED00AAF}.Debug|Any CPU.ActiveCfg = Debug|Any CPU
		{40F84E5F-AF41-4E6E-803E-039A2ED00AAF}.Debug|Any CPU.Build.0 = Debug|Any CPU
		{40F84E5F-AF41-4E6E-803E-039A2ED00AAF}.Release|Any CPU.ActiveCfg = Release|Any CPU
		{40F84E5F-AF41-4E6E-803E-039A2ED00AAF}.Release|Any CPU.Build.0 = Release|Any CPU
		{98F37976-8D83-4AD8-83D2-1EB751261906}.Debug|Any CPU.ActiveCfg = Debug|Any CPU
		{98F37976-8D83-4AD8-83D2-1EB751261906}.Debug|Any CPU.Build.0 = Debug|Any CPU
		{98F37976-8D83-4AD8-83D2-1EB751261906}.Release|Any CPU.ActiveCfg = Release|Any CPU
		{98F37976-8D83-4AD8-83D2-1EB751261906}.Release|Any CPU.Build.0 = Release|Any CPU
		{D3EC6674-5450-49ED-AE61-855FD0804B81}.Debug|Any CPU.ActiveCfg = Debug|Any CPU
		{D3EC6674-5450-49ED-AE61-855FD0804B81}.Debug|Any CPU.Build.0 = Debug|Any CPU
		{D3EC6674-5450-49ED-AE61-855FD0804B81}.Release|Any CPU.ActiveCfg = Release|Any CPU
		{D3EC6674-5450-49ED-AE61-855FD0804B81}.Release|Any CPU.Build.0 = Release|Any CPU
		{8E846FA6-9C00-46DD-8E7A-9A163D751DD6}.Debug|Any CPU.ActiveCfg = Debug|Any CPU
		{8E846FA6-9C00-46DD-8E7A-9A163D751DD6}.Debug|Any CPU.Build.0 = Debug|Any CPU
		{8E846FA6-9C00-46DD-8E7A-9A163D751DD6}.Release|Any CPU.ActiveCfg = Release|Any CPU
		{8E846FA6-9C00-46DD-8E7A-9A163D751DD6}.Release|Any CPU.Build.0 = Release|Any CPU
	EndGlobalSection
	GlobalSection(SolutionProperties) = preSolution
		HideSolutionNode = FALSE
	EndGlobalSection
	GlobalSection(ExtensibilityGlobals) = postSolution
		SolutionGuid = {EA5F6E31-18D3-4ABC-ADC4-293B98EA4E1D}
	EndGlobalSection
EndGlobal
